// !$*UTF8*$!
{
	archiveVersion = 1;
	classes = {
	};
	objectVersion = 55;
	objects = {

/* Begin PBXBuildFile section */
		B407FD2A27E2880600AAC57F /* A.wav in Resources */ = {isa = PBXBuildFile; fileRef = B407FD2927E2880600AAC57F /* A.wav */; };
		B407FD3127E2881A00AAC57F /* F.wav in Resources */ = {isa = PBXBuildFile; fileRef = B407FD2B27E2881A00AAC57F /* F.wav */; };
		B407FD3227E2881A00AAC57F /* B.wav in Resources */ = {isa = PBXBuildFile; fileRef = B407FD2C27E2881A00AAC57F /* B.wav */; };
		B407FD3327E2881A00AAC57F /* D.wav in Resources */ = {isa = PBXBuildFile; fileRef = B407FD2D27E2881A00AAC57F /* D.wav */; };
		B407FD3427E2881A00AAC57F /* E.wav in Resources */ = {isa = PBXBuildFile; fileRef = B407FD2E27E2881A00AAC57F /* E.wav */; };
		B407FD3527E2881A00AAC57F /* C.wav in Resources */ = {isa = PBXBuildFile; fileRef = B407FD2F27E2881A00AAC57F /* C.wav */; };
		B407FD3627E2881A00AAC57F /* G.wav in Resources */ = {isa = PBXBuildFile; fileRef = B407FD3027E2881A00AAC57F /* G.wav */; };
		B409E97127F9C77D00F59FE2 /* SongsVC.swift in Sources */ = {isa = PBXBuildFile; fileRef = B409E97027F9C77D00F59FE2 /* SongsVC.swift */; };
		B499271927FA10E90058796A /* Songs.swift in Sources */ = {isa = PBXBuildFile; fileRef = B499271827FA10E90058796A /* Songs.swift */; };
		B499271B27FA160D0058796A /* SongsCellVC.swift in Sources */ = {isa = PBXBuildFile; fileRef = B499271A27FA160D0058796A /* SongsCellVC.swift */; };
		B4C2703927DFC28A001AB20B /* SongBrain.swift in Sources */ = {isa = PBXBuildFile; fileRef = B4C2703827DFC28A001AB20B /* SongBrain.swift */; };
		B4C2703A27DFC28A001AB20B /* SongBrain.swift in Sources */ = {isa = PBXBuildFile; fileRef = B4C2703827DFC28A001AB20B /* SongBrain.swift */; };
		B4F9203E27DF2E76002BE562 /* AppDelegate.swift in Sources */ = {isa = PBXBuildFile; fileRef = B4F9203D27DF2E76002BE562 /* AppDelegate.swift */; };
		B4F9204027DF2E76002BE562 /* SceneDelegate.swift in Sources */ = {isa = PBXBuildFile; fileRef = B4F9203F27DF2E76002BE562 /* SceneDelegate.swift */; };
		B4F9204227DF2E76002BE562 /* ViewController.swift in Sources */ = {isa = PBXBuildFile; fileRef = B4F9204127DF2E76002BE562 /* ViewController.swift */; };
		B4F9204527DF2E76002BE562 /* Main.storyboard in Resources */ = {isa = PBXBuildFile; fileRef = B4F9204327DF2E76002BE562 /* Main.storyboard */; };
		B4F9204727DF2E78002BE562 /* Assets.xcassets in Resources */ = {isa = PBXBuildFile; fileRef = B4F9204627DF2E78002BE562 /* Assets.xcassets */; };
		B4F9204A27DF2E78002BE562 /* LaunchScreen.storyboard in Resources */ = {isa = PBXBuildFile; fileRef = B4F9204827DF2E78002BE562 /* LaunchScreen.storyboard */; };
		B4F9205527DF2E78002BE562 /* XyloPhone_appTests.swift in Sources */ = {isa = PBXBuildFile; fileRef = B4F9205427DF2E78002BE562 /* XyloPhone_appTests.swift */; };
		B4F9205F27DF2E78002BE562 /* XyloPhone_appUITests.swift in Sources */ = {isa = PBXBuildFile; fileRef = B4F9205E27DF2E78002BE562 /* XyloPhone_appUITests.swift */; };
		B4F9206127DF2E78002BE562 /* XyloPhone_appUITestsLaunchTests.swift in Sources */ = {isa = PBXBuildFile; fileRef = B4F9206027DF2E78002BE562 /* XyloPhone_appUITestsLaunchTests.swift */; };
/* End PBXBuildFile section */

/* Begin PBXContainerItemProxy section */
		B4F9205127DF2E78002BE562 /* PBXContainerItemProxy */ = {
			isa = PBXContainerItemProxy;
			containerPortal = B4F9203227DF2E76002BE562 /* Project object */;
			proxyType = 1;
			remoteGlobalIDString = B4F9203927DF2E76002BE562;
			remoteInfo = XyloPhone_app;
		};
		B4F9205B27DF2E78002BE562 /* PBXContainerItemProxy */ = {
			isa = PBXContainerItemProxy;
			containerPortal = B4F9203227DF2E76002BE562 /* Project object */;
			proxyType = 1;
			remoteGlobalIDString = B4F9203927DF2E76002BE562;
			remoteInfo = XyloPhone_app;
		};
/* End PBXContainerItemProxy section */

/* Begin PBXFileReference section */
		B407FD2927E2880600AAC57F /* A.wav */ = {isa = PBXFileReference; lastKnownFileType = audio.wav; path = A.wav; sourceTree = "<group>"; };
		B407FD2B27E2881A00AAC57F /* F.wav */ = {isa = PBXFileReference; lastKnownFileType = audio.wav; path = F.wav; sourceTree = "<group>"; };
		B407FD2C27E2881A00AAC57F /* B.wav */ = {isa = PBXFileReference; lastKnownFileType = audio.wav; path = B.wav; sourceTree = "<group>"; };
		B407FD2D27E2881A00AAC57F /* D.wav */ = {isa = PBXFileReference; lastKnownFileType = audio.wav; path = D.wav; sourceTree = "<group>"; };
		B407FD2E27E2881A00AAC57F /* E.wav */ = {isa = PBXFileReference; lastKnownFileType = audio.wav; path = E.wav; sourceTree = "<group>"; };
		B407FD2F27E2881A00AAC57F /* C.wav */ = {isa = PBXFileReference; lastKnownFileType = audio.wav; path = C.wav; sourceTree = "<group>"; };
		B407FD3027E2881A00AAC57F /* G.wav */ = {isa = PBXFileReference; lastKnownFileType = audio.wav; path = G.wav; sourceTree = "<group>"; };
		B409E97027F9C77D00F59FE2 /* SongsVC.swift */ = {isa = PBXFileReference; lastKnownFileType = sourcecode.swift; path = SongsVC.swift; sourceTree = "<group>"; };
		B499271827FA10E90058796A /* Songs.swift */ = {isa = PBXFileReference; lastKnownFileType = sourcecode.swift; path = Songs.swift; sourceTree = "<group>"; };
		B499271A27FA160D0058796A /* SongsCellVC.swift */ = {isa = PBXFileReference; lastKnownFileType = sourcecode.swift; path = SongsCellVC.swift; sourceTree = "<group>"; };
		B4C2703827DFC28A001AB20B /* SongBrain.swift */ = {isa = PBXFileReference; lastKnownFileType = sourcecode.swift; path = SongBrain.swift; sourceTree = "<group>"; };
		B4F9203A27DF2E76002BE562 /* XyloPhone_app.app */ = {isa = PBXFileReference; explicitFileType = wrapper.application; includeInIndex = 0; path = XyloPhone_app.app; sourceTree = BUILT_PRODUCTS_DIR; };
		B4F9203D27DF2E76002BE562 /* AppDelegate.swift */ = {isa = PBXFileReference; lastKnownFileType = sourcecode.swift; path = AppDelegate.swift; sourceTree = "<group>"; };
		B4F9203F27DF2E76002BE562 /* SceneDelegate.swift */ = {isa = PBXFileReference; lastKnownFileType = sourcecode.swift; path = SceneDelegate.swift; sourceTree = "<group>"; };
		B4F9204127DF2E76002BE562 /* ViewController.swift */ = {isa = PBXFileReference; lastKnownFileType = sourcecode.swift; path = ViewController.swift; sourceTree = "<group>"; };
		B4F9204427DF2E76002BE562 /* Base */ = {isa = PBXFileReference; lastKnownFileType = file.storyboard; name = Base; path = Base.lproj/Main.storyboard; sourceTree = "<group>"; };
		B4F9204627DF2E78002BE562 /* Assets.xcassets */ = {isa = PBXFileReference; lastKnownFileType = folder.assetcatalog; path = Assets.xcassets; sourceTree = "<group>"; };
		B4F9204927DF2E78002BE562 /* Base */ = {isa = PBXFileReference; lastKnownFileType = file.storyboard; name = Base; path = Base.lproj/LaunchScreen.storyboard; sourceTree = "<group>"; };
		B4F9204B27DF2E78002BE562 /* Info.plist */ = {isa = PBXFileReference; lastKnownFileType = text.plist.xml; path = Info.plist; sourceTree = "<group>"; };
		B4F9205027DF2E78002BE562 /* XyloPhone_appTests.xctest */ = {isa = PBXFileReference; explicitFileType = wrapper.cfbundle; includeInIndex = 0; path = XyloPhone_appTests.xctest; sourceTree = BUILT_PRODUCTS_DIR; };
		B4F9205427DF2E78002BE562 /* XyloPhone_appTests.swift */ = {isa = PBXFileReference; lastKnownFileType = sourcecode.swift; path = XyloPhone_appTests.swift; sourceTree = "<group>"; };
		B4F9205A27DF2E78002BE562 /* XyloPhone_appUITests.xctest */ = {isa = PBXFileReference; explicitFileType = wrapper.cfbundle; includeInIndex = 0; path = XyloPhone_appUITests.xctest; sourceTree = BUILT_PRODUCTS_DIR; };
		B4F9205E27DF2E78002BE562 /* XyloPhone_appUITests.swift */ = {isa = PBXFileReference; lastKnownFileType = sourcecode.swift; path = XyloPhone_appUITests.swift; sourceTree = "<group>"; };
		B4F9206027DF2E78002BE562 /* XyloPhone_appUITestsLaunchTests.swift */ = {isa = PBXFileReference; lastKnownFileType = sourcecode.swift; path = XyloPhone_appUITestsLaunchTests.swift; sourceTree = "<group>"; };
/* End PBXFileReference section */

/* Begin PBXFrameworksBuildPhase section */
		B4F9203727DF2E76002BE562 /* Frameworks */ = {
			isa = PBXFrameworksBuildPhase;
			buildActionMask = 2147483647;
			files = (
			);
			runOnlyForDeploymentPostprocessing = 0;
		};
		B4F9204D27DF2E78002BE562 /* Frameworks */ = {
			isa = PBXFrameworksBuildPhase;
			buildActionMask = 2147483647;
			files = (
			);
			runOnlyForDeploymentPostprocessing = 0;
		};
		B4F9205727DF2E78002BE562 /* Frameworks */ = {
			isa = PBXFrameworksBuildPhase;
			buildActionMask = 2147483647;
			files = (
			);
			runOnlyForDeploymentPostprocessing = 0;
		};
/* End PBXFrameworksBuildPhase section */

/* Begin PBXGroup section */
		B407FD2827E287D100AAC57F /* Sounds */ = {
			isa = PBXGroup;
			children = (
				B407FD2927E2880600AAC57F /* A.wav */,
				B407FD2C27E2881A00AAC57F /* B.wav */,
				B407FD2F27E2881A00AAC57F /* C.wav */,
				B407FD2D27E2881A00AAC57F /* D.wav */,
				B407FD2E27E2881A00AAC57F /* E.wav */,
				B407FD2B27E2881A00AAC57F /* F.wav */,
				B407FD3027E2881A00AAC57F /* G.wav */,
			);
			path = Sounds;
			sourceTree = "<group>";
		};
		B4C2703427DFBE1F001AB20B /* Controller */ = {
			isa = PBXGroup;
			children = (
				B4F9204127DF2E76002BE562 /* ViewController.swift */,
				B409E97027F9C77D00F59FE2 /* SongsVC.swift */,
				B499271A27FA160D0058796A /* SongsCellVC.swift */,
			);
			path = Controller;
			sourceTree = "<group>";
		};
		B4C2703527DFBE3D001AB20B /* Model */ = {
			isa = PBXGroup;
			children = (
				B4C2703827DFC28A001AB20B /* SongBrain.swift */,
				B499271827FA10E90058796A /* Songs.swift */,
			);
			path = Model;
			sourceTree = "<group>";
		};
		B4C2703727DFBE63001AB20B /* View */ = {
			isa = PBXGroup;
			children = (
				B4F9204327DF2E76002BE562 /* Main.storyboard */,
			);
			path = View;
			sourceTree = "<group>";
		};
		B4F9203127DF2E76002BE562 = {
			isa = PBXGroup;
			children = (
				B4F9203C27DF2E76002BE562 /* XyloPhone_app */,
				B4F9205327DF2E78002BE562 /* XyloPhone_appTests */,
				B4F9205D27DF2E78002BE562 /* XyloPhone_appUITests */,
				B4F9203B27DF2E76002BE562 /* Products */,
			);
			sourceTree = "<group>";
		};
		B4F9203B27DF2E76002BE562 /* Products */ = {
			isa = PBXGroup;
			children = (
				B4F9203A27DF2E76002BE562 /* XyloPhone_app.app */,
				B4F9205027DF2E78002BE562 /* XyloPhone_appTests.xctest */,
				B4F9205A27DF2E78002BE562 /* XyloPhone_appUITests.xctest */,
			);
			name = Products;
			sourceTree = "<group>";
		};
		B4F9203C27DF2E76002BE562 /* XyloPhone_app */ = {
			isa = PBXGroup;
			children = (
				B407FD2827E287D100AAC57F /* Sounds */,
				B4F9203D27DF2E76002BE562 /* AppDelegate.swift */,
				B4F9203F27DF2E76002BE562 /* SceneDelegate.swift */,
				B4C2703527DFBE3D001AB20B /* Model */,
				B4C2703727DFBE63001AB20B /* View */,
				B4C2703427DFBE1F001AB20B /* Controller */,
				B4F9204627DF2E78002BE562 /* Assets.xcassets */,
				B4F9204827DF2E78002BE562 /* LaunchScreen.storyboard */,
				B4F9204B27DF2E78002BE562 /* Info.plist */,
			);
			path = XyloPhone_app;
			sourceTree = "<group>";
		};
		B4F9205327DF2E78002BE562 /* XyloPhone_appTests */ = {
			isa = PBXGroup;
			children = (
				B4F9205427DF2E78002BE562 /* XyloPhone_appTests.swift */,
			);
			path = XyloPhone_appTests;
			sourceTree = "<group>";
		};
		B4F9205D27DF2E78002BE562 /* XyloPhone_appUITests */ = {
			isa = PBXGroup;
			children = (
				B4F9205E27DF2E78002BE562 /* XyloPhone_appUITests.swift */,
				B4F9206027DF2E78002BE562 /* XyloPhone_appUITestsLaunchTests.swift */,
			);
			path = XyloPhone_appUITests;
			sourceTree = "<group>";
		};
/* End PBXGroup section */

/* Begin PBXNativeTarget section */
		B4F9203927DF2E76002BE562 /* XyloPhone_app */ = {
			isa = PBXNativeTarget;
			buildConfigurationList = B4F9206427DF2E78002BE562 /* Build configuration list for PBXNativeTarget "XyloPhone_app" */;
			buildPhases = (
				B4F9203627DF2E76002BE562 /* Sources */,
				B4F9203727DF2E76002BE562 /* Frameworks */,
				B4F9203827DF2E76002BE562 /* Resources */,
			);
			buildRules = (
			);
			dependencies = (
			);
			name = XyloPhone_app;
			productName = XyloPhone_app;
			productReference = B4F9203A27DF2E76002BE562 /* XyloPhone_app.app */;
			productType = "com.apple.product-type.application";
		};
		B4F9204F27DF2E78002BE562 /* XyloPhone_appTests */ = {
			isa = PBXNativeTarget;
			buildConfigurationList = B4F9206727DF2E78002BE562 /* Build configuration list for PBXNativeTarget "XyloPhone_appTests" */;
			buildPhases = (
				B4F9204C27DF2E78002BE562 /* Sources */,
				B4F9204D27DF2E78002BE562 /* Frameworks */,
				B4F9204E27DF2E78002BE562 /* Resources */,
			);
			buildRules = (
			);
			dependencies = (
				B4F9205227DF2E78002BE562 /* PBXTargetDependency */,
			);
			name = XyloPhone_appTests;
			productName = XyloPhone_appTests;
			productReference = B4F9205027DF2E78002BE562 /* XyloPhone_appTests.xctest */;
			productType = "com.apple.product-type.bundle.unit-test";
		};
		B4F9205927DF2E78002BE562 /* XyloPhone_appUITests */ = {
			isa = PBXNativeTarget;
			buildConfigurationList = B4F9206A27DF2E78002BE562 /* Build configuration list for PBXNativeTarget "XyloPhone_appUITests" */;
			buildPhases = (
				B4F9205627DF2E78002BE562 /* Sources */,
				B4F9205727DF2E78002BE562 /* Frameworks */,
				B4F9205827DF2E78002BE562 /* Resources */,
			);
			buildRules = (
			);
			dependencies = (
				B4F9205C27DF2E78002BE562 /* PBXTargetDependency */,
			);
			name = XyloPhone_appUITests;
			productName = XyloPhone_appUITests;
			productReference = B4F9205A27DF2E78002BE562 /* XyloPhone_appUITests.xctest */;
			productType = "com.apple.product-type.bundle.ui-testing";
		};
/* End PBXNativeTarget section */

/* Begin PBXProject section */
		B4F9203227DF2E76002BE562 /* Project object */ = {
			isa = PBXProject;
			attributes = {
				BuildIndependentTargetsInParallel = 1;
				LastSwiftUpdateCheck = 1320;
				LastUpgradeCheck = 1320;
				TargetAttributes = {
					B4F9203927DF2E76002BE562 = {
						CreatedOnToolsVersion = 13.2.1;
					};
					B4F9204F27DF2E78002BE562 = {
						CreatedOnToolsVersion = 13.2.1;
						TestTargetID = B4F9203927DF2E76002BE562;
					};
					B4F9205927DF2E78002BE562 = {
						CreatedOnToolsVersion = 13.2.1;
						TestTargetID = B4F9203927DF2E76002BE562;
					};
				};
			};
			buildConfigurationList = B4F9203527DF2E76002BE562 /* Build configuration list for PBXProject "XyloPhone_app" */;
			compatibilityVersion = "Xcode 13.0";
			developmentRegion = en;
			hasScannedForEncodings = 0;
			knownRegions = (
				en,
				Base,
			);
			mainGroup = B4F9203127DF2E76002BE562;
			productRefGroup = B4F9203B27DF2E76002BE562 /* Products */;
			projectDirPath = "";
			projectRoot = "";
			targets = (
				B4F9203927DF2E76002BE562 /* XyloPhone_app */,
				B4F9204F27DF2E78002BE562 /* XyloPhone_appTests */,
				B4F9205927DF2E78002BE562 /* XyloPhone_appUITests */,
			);
		};
/* End PBXProject section */

/* Begin PBXResourcesBuildPhase section */
		B4F9203827DF2E76002BE562 /* Resources */ = {
			isa = PBXResourcesBuildPhase;
			buildActionMask = 2147483647;
			files = (
				B4F9204A27DF2E78002BE562 /* LaunchScreen.storyboard in Resources */,
				B4F9204727DF2E78002BE562 /* Assets.xcassets in Resources */,
				B407FD3327E2881A00AAC57F /* D.wav in Resources */,
				B407FD3527E2881A00AAC57F /* C.wav in Resources */,
				B407FD2A27E2880600AAC57F /* A.wav in Resources */,
				B407FD3227E2881A00AAC57F /* B.wav in Resources */,
				B407FD3627E2881A00AAC57F /* G.wav in Resources */,
				B407FD3127E2881A00AAC57F /* F.wav in Resources */,
				B407FD3427E2881A00AAC57F /* E.wav in Resources */,
				B4F9204527DF2E76002BE562 /* Main.storyboard in Resources */,
			);
			runOnlyForDeploymentPostprocessing = 0;
		};
		B4F9204E27DF2E78002BE562 /* Resources */ = {
			isa = PBXResourcesBuildPhase;
			buildActionMask = 2147483647;
			files = (
			);
			runOnlyForDeploymentPostprocessing = 0;
		};
		B4F9205827DF2E78002BE562 /* Resources */ = {
			isa = PBXResourcesBuildPhase;
			buildActionMask = 2147483647;
			files = (
			);
			runOnlyForDeploymentPostprocessing = 0;
		};
/* End PBXResourcesBuildPhase section */

/* Begin PBXSourcesBuildPhase section */
		B4F9203627DF2E76002BE562 /* Sources */ = {
			isa = PBXSourcesBuildPhase;
			buildActionMask = 2147483647;
			files = (
				B499271927FA10E90058796A /* Songs.swift in Sources */,
				B4F9204227DF2E76002BE562 /* ViewController.swift in Sources */,
				B4C2703927DFC28A001AB20B /* SongBrain.swift in Sources */,
				B499271B27FA160D0058796A /* SongsCellVC.swift in Sources */,
				B4F9203E27DF2E76002BE562 /* AppDelegate.swift in Sources */,
				B4F9204027DF2E76002BE562 /* SceneDelegate.swift in Sources */,
				B409E97127F9C77D00F59FE2 /* SongsVC.swift in Sources */,
			);
			runOnlyForDeploymentPostprocessing = 0;
		};
		B4F9204C27DF2E78002BE562 /* Sources */ = {
			isa = PBXSourcesBuildPhase;
			buildActionMask = 2147483647;
			files = (
				B4F9205527DF2E78002BE562 /* XyloPhone_appTests.swift in Sources */,
			);
			runOnlyForDeploymentPostprocessing = 0;
		};
		B4F9205627DF2E78002BE562 /* Sources */ = {
			isa = PBXSourcesBuildPhase;
			buildActionMask = 2147483647;
			files = (
				B4F9205F27DF2E78002BE562 /* XyloPhone_appUITests.swift in Sources */,
				B4F9206127DF2E78002BE562 /* XyloPhone_appUITestsLaunchTests.swift in Sources */,
				B4C2703A27DFC28A001AB20B /* SongBrain.swift in Sources */,
			);
			runOnlyForDeploymentPostprocessing = 0;
		};
/* End PBXSourcesBuildPhase section */

/* Begin PBXTargetDependency section */
		B4F9205227DF2E78002BE562 /* PBXTargetDependency */ = {
			isa = PBXTargetDependency;
			target = B4F9203927DF2E76002BE562 /* XyloPhone_app */;
			targetProxy = B4F9205127DF2E78002BE562 /* PBXContainerItemProxy */;
		};
		B4F9205C27DF2E78002BE562 /* PBXTargetDependency */ = {
			isa = PBXTargetDependency;
			target = B4F9203927DF2E76002BE562 /* XyloPhone_app */;
			targetProxy = B4F9205B27DF2E78002BE562 /* PBXContainerItemProxy */;
		};
/* End PBXTargetDependency section */

/* Begin PBXVariantGroup section */
		B4F9204327DF2E76002BE562 /* Main.storyboard */ = {
			isa = PBXVariantGroup;
			children = (
				B4F9204427DF2E76002BE562 /* Base */,
			);
			name = Main.storyboard;
			sourceTree = "<group>";
		};
		B4F9204827DF2E78002BE562 /* LaunchScreen.storyboard */ = {
			isa = PBXVariantGroup;
			children = (
				B4F9204927DF2E78002BE562 /* Base */,
			);
			name = LaunchScreen.storyboard;
			sourceTree = "<group>";
		};
/* End PBXVariantGroup section */

/* Begin XCBuildConfiguration section */
		B4F9206227DF2E78002BE562 /* Debug */ = {
			isa = XCBuildConfiguration;
			buildSettings = {
				ALWAYS_SEARCH_USER_PATHS = NO;
				CLANG_ANALYZER_NONNULL = YES;
				CLANG_ANALYZER_NUMBER_OBJECT_CONVERSION = YES_AGGRESSIVE;
				CLANG_CXX_LANGUAGE_STANDARD = "gnu++17";
				CLANG_CXX_LIBRARY = "libc++";
				CLANG_ENABLE_MODULES = YES;
				CLANG_ENABLE_OBJC_ARC = YES;
				CLANG_ENABLE_OBJC_WEAK = YES;
				CLANG_WARN_BLOCK_CAPTURE_AUTORELEASING = YES;
				CLANG_WARN_BOOL_CONVERSION = YES;
				CLANG_WARN_COMMA = YES;
				CLANG_WARN_CONSTANT_CONVERSION = YES;
				CLANG_WARN_DEPRECATED_OBJC_IMPLEMENTATIONS = YES;
				CLANG_WARN_DIRECT_OBJC_ISA_USAGE = YES_ERROR;
				CLANG_WARN_DOCUMENTATION_COMMENTS = YES;
				CLANG_WARN_EMPTY_BODY = YES;
				CLANG_WARN_ENUM_CONVERSION = YES;
				CLANG_WARN_INFINITE_RECURSION = YES;
				CLANG_WARN_INT_CONVERSION = YES;
				CLANG_WARN_NON_LITERAL_NULL_CONVERSION = YES;
				CLANG_WARN_OBJC_IMPLICIT_RETAIN_SELF = YES;
				CLANG_WARN_OBJC_LITERAL_CONVERSION = YES;
				CLANG_WARN_OBJC_ROOT_CLASS = YES_ERROR;
				CLANG_WARN_QUOTED_INCLUDE_IN_FRAMEWORK_HEADER = YES;
				CLANG_WARN_RANGE_LOOP_ANALYSIS = YES;
				CLANG_WARN_STRICT_PROTOTYPES = YES;
				CLANG_WARN_SUSPICIOUS_MOVE = YES;
				CLANG_WARN_UNGUARDED_AVAILABILITY = YES_AGGRESSIVE;
				CLANG_WARN_UNREACHABLE_CODE = YES;
				CLANG_WARN__DUPLICATE_METHOD_MATCH = YES;
				COPY_PHASE_STRIP = NO;
				DEBUG_INFORMATION_FORMAT = dwarf;
				ENABLE_STRICT_OBJC_MSGSEND = YES;
				ENABLE_TESTABILITY = YES;
				GCC_C_LANGUAGE_STANDARD = gnu11;
				GCC_DYNAMIC_NO_PIC = NO;
				GCC_NO_COMMON_BLOCKS = YES;
				GCC_OPTIMIZATION_LEVEL = 0;
				GCC_PREPROCESSOR_DEFINITIONS = (
					"DEBUG=1",
					"$(inherited)",
				);
				GCC_WARN_64_TO_32_BIT_CONVERSION = YES;
				GCC_WARN_ABOUT_RETURN_TYPE = YES_ERROR;
				GCC_WARN_UNDECLARED_SELECTOR = YES;
				GCC_WARN_UNINITIALIZED_AUTOS = YES_AGGRESSIVE;
				GCC_WARN_UNUSED_FUNCTION = YES;
				GCC_WARN_UNUSED_VARIABLE = YES;
				IPHONEOS_DEPLOYMENT_TARGET = 15.2;
				MTL_ENABLE_DEBUG_INFO = INCLUDE_SOURCE;
				MTL_FAST_MATH = YES;
				ONLY_ACTIVE_ARCH = YES;
				SDKROOT = iphoneos;
				SWIFT_ACTIVE_COMPILATION_CONDITIONS = DEBUG;
				SWIFT_OPTIMIZATION_LEVEL = "-Onone";
			};
			name = Debug;
		};
		B4F9206327DF2E78002BE562 /* Release */ = {
			isa = XCBuildConfiguration;
			buildSettings = {
				ALWAYS_SEARCH_USER_PATHS = NO;
				CLANG_ANALYZER_NONNULL = YES;
				CLANG_ANALYZER_NUMBER_OBJECT_CONVERSION = YES_AGGRESSIVE;
				CLANG_CXX_LANGUAGE_STANDARD = "gnu++17";
				CLANG_CXX_LIBRARY = "libc++";
				CLANG_ENABLE_MODULES = YES;
				CLANG_ENABLE_OBJC_ARC = YES;
				CLANG_ENABLE_OBJC_WEAK = YES;
				CLANG_WARN_BLOCK_CAPTURE_AUTORELEASING = YES;
				CLANG_WARN_BOOL_CONVERSION = YES;
				CLANG_WARN_COMMA = YES;
				CLANG_WARN_CONSTANT_CONVERSION = YES;
				CLANG_WARN_DEPRECATED_OBJC_IMPLEMENTATIONS = YES;
				CLANG_WARN_DIRECT_OBJC_ISA_USAGE = YES_ERROR;
				CLANG_WARN_DOCUMENTATION_COMMENTS = YES;
				CLANG_WARN_EMPTY_BODY = YES;
				CLANG_WARN_ENUM_CONVERSION = YES;
				CLANG_WARN_INFINITE_RECURSION = YES;
				CLANG_WARN_INT_CONVERSION = YES;
				CLANG_WARN_NON_LITERAL_NULL_CONVERSION = YES;
				CLANG_WARN_OBJC_IMPLICIT_RETAIN_SELF = YES;
				CLANG_WARN_OBJC_LITERAL_CONVERSION = YES;
				CLANG_WARN_OBJC_ROOT_CLASS = YES_ERROR;
				CLANG_WARN_QUOTED_INCLUDE_IN_FRAMEWORK_HEADER = YES;
				CLANG_WARN_RANGE_LOOP_ANALYSIS = YES;
				CLANG_WARN_STRICT_PROTOTYPES = YES;
				CLANG_WARN_SUSPICIOUS_MOVE = YES;
				CLANG_WARN_UNGUARDED_AVAILABILITY = YES_AGGRESSIVE;
				CLANG_WARN_UNREACHABLE_CODE = YES;
				CLANG_WARN__DUPLICATE_METHOD_MATCH = YES;
				COPY_PHASE_STRIP = NO;
				DEBUG_INFORMATION_FORMAT = "dwarf-with-dsym";
				ENABLE_NS_ASSERTIONS = NO;
				ENABLE_STRICT_OBJC_MSGSEND = YES;
				GCC_C_LANGUAGE_STANDARD = gnu11;
				GCC_NO_COMMON_BLOCKS = YES;
				GCC_WARN_64_TO_32_BIT_CONVERSION = YES;
				GCC_WARN_ABOUT_RETURN_TYPE = YES_ERROR;
				GCC_WARN_UNDECLARED_SELECTOR = YES;
				GCC_WARN_UNINITIALIZED_AUTOS = YES_AGGRESSIVE;
				GCC_WARN_UNUSED_FUNCTION = YES;
				GCC_WARN_UNUSED_VARIABLE = YES;
				IPHONEOS_DEPLOYMENT_TARGET = 15.2;
				MTL_ENABLE_DEBUG_INFO = NO;
				MTL_FAST_MATH = YES;
				SDKROOT = iphoneos;
				SWIFT_COMPILATION_MODE = wholemodule;
				SWIFT_OPTIMIZATION_LEVEL = "-O";
				VALIDATE_PRODUCT = YES;
			};
			name = Release;
		};
		B4F9206527DF2E78002BE562 /* Debug */ = {
			isa = XCBuildConfiguration;
			buildSettings = {
				ASSETCATALOG_COMPILER_APPICON_NAME = AppIcon;
				ASSETCATALOG_COMPILER_GLOBAL_ACCENT_COLOR_NAME = AccentColor;
				CODE_SIGN_STYLE = Automatic;
				CURRENT_PROJECT_VERSION = 1;
				DEVELOPMENT_TEAM = PM25M3S5KY;
				GENERATE_INFOPLIST_FILE = YES;
				INFOPLIST_FILE = XyloPhone_app/Info.plist;
				INFOPLIST_KEY_UIApplicationSupportsIndirectInputEvents = YES;
				INFOPLIST_KEY_UILaunchStoryboardName = LaunchScreen;
				INFOPLIST_KEY_UIMainStoryboardFile = Main;
				INFOPLIST_KEY_UISupportedInterfaceOrientations_iPad = "UIInterfaceOrientationPortrait UIInterfaceOrientationPortraitUpsideDown UIInterfaceOrientationLandscapeLeft UIInterfaceOrientationLandscapeRight";
				INFOPLIST_KEY_UISupportedInterfaceOrientations_iPhone = "UIInterfaceOrientationPortrait UIInterfaceOrientationLandscapeLeft UIInterfaceOrientationLandscapeRight";
				LD_RUNPATH_SEARCH_PATHS = (
					"$(inherited)",
					"@executable_path/Frameworks",
				);
				MARKETING_VERSION = 1.0;
				PRODUCT_BUNDLE_IDENTIFIER = "com.aytacbulanik.XyloPhone-app";
				PRODUCT_NAME = "$(TARGET_NAME)";
				SWIFT_EMIT_LOC_STRINGS = YES;
				SWIFT_VERSION = 5.0;
				TARGETED_DEVICE_FAMILY = "1,2";
			};
			name = Debug;
		};
		B4F9206627DF2E78002BE562 /* Release */ = {
			isa = XCBuildConfiguration;
			buildSettings = {
				ASSETCATALOG_COMPILER_APPICON_NAME = AppIcon;
				ASSETCATALOG_COMPILER_GLOBAL_ACCENT_COLOR_NAME = AccentColor;
				CODE_SIGN_STYLE = Automatic;
				CURRENT_PROJECT_VERSION = 1;
				DEVELOPMENT_TEAM = PM25M3S5KY;
				GENERATE_INFOPLIST_FILE = YES;
				INFOPLIST_FILE = XyloPhone_app/Info.plist;
				INFOPLIST_KEY_UIApplicationSupportsIndirectInputEvents = YES;
				INFOPLIST_KEY_UILaunchStoryboardName = LaunchScreen;
				INFOPLIST_KEY_UIMainStoryboardFile = Main;
				INFOPLIST_KEY_UISupportedInterfaceOrientations_iPad = "UIInterfaceOrientationPortrait UIInterfaceOrientationPortraitUpsideDown UIInterfaceOrientationLandscapeLeft UIInterfaceOrientationLandscapeRight";
				INFOPLIST_KEY_UISupportedInterfaceOrientations_iPhone = "UIInterfaceOrientationPortrait UIInterfaceOrientationLandscapeLeft UIInterfaceOrientationLandscapeRight";
				LD_RUNPATH_SEARCH_PATHS = (
					"$(inherited)",
					"@executable_path/Frameworks",
				);
				MARKETING_VERSION = 1.0;
				PRODUCT_BUNDLE_IDENTIFIER = "com.aytacbulanik.XyloPhone-app";
				PRODUCT_NAME = "$(TARGET_NAME)";
				SWIFT_EMIT_LOC_STRINGS = YES;
				SWIFT_VERSION = 5.0;
				TARGETED_DEVICE_FAMILY = "1,2";
			};
			name = Release;
		};
		B4F9206827DF2E78002BE562 /* Debug */ = {
			isa = XCBuildConfiguration;
			buildSettings = {
				ALWAYS_EMBED_SWIFT_STANDARD_LIBRARIES = YES;
				BUNDLE_LOADER = "$(TEST_HOST)";
				CODE_SIGN_STYLE = Automatic;
				CURRENT_PROJECT_VERSION = 1;
				DEVELOPMENT_TEAM = PM25M3S5KY;
				GENERATE_INFOPLIST_FILE = YES;
				IPHONEOS_DEPLOYMENT_TARGET = 15.2;
				MARKETING_VERSION = 1.0;
				PRODUCT_BUNDLE_IDENTIFIER = "com.aytacbulanik.XyloPhone-appTests";
				PRODUCT_NAME = "$(TARGET_NAME)";
				SWIFT_EMIT_LOC_STRINGS = NO;
				SWIFT_VERSION = 5.0;
				TARGETED_DEVICE_FAMILY = "1,2";
				TEST_HOST = "$(BUILT_PRODUCTS_DIR)/XyloPhone_app.app/XyloPhone_app";
			};
			name = Debug;
		};
		B4F9206927DF2E78002BE562 /* Release */ = {
			isa = XCBuildConfiguration;
			buildSettings = {
				ALWAYS_EMBED_SWIFT_STANDARD_LIBRARIES = YES;
				BUNDLE_LOADER = "$(TEST_HOST)";
				CODE_SIGN_STYLE = Automatic;
				CURRENT_PROJECT_VERSION = 1;
				DEVELOPMENT_TEAM = PM25M3S5KY;
				GENERATE_INFOPLIST_FILE = YES;
				IPHONEOS_DEPLOYMENT_TARGET = 15.2;
				MARKETING_VERSION = 1.0;
				PRODUCT_BUNDLE_IDENTIFIER = "com.aytacbulanik.XyloPhone-appTests";
				PRODUCT_NAME = "$(TARGET_NAME)";
				SWIFT_EMIT_LOC_STRINGS = NO;
				SWIFT_VERSION = 5.0;
				TARGETED_DEVICE_FAMILY = "1,2";
				TEST_HOST = "$(BUILT_PRODUCTS_DIR)/XyloPhone_app.app/XyloPhone_app";
			};
			name = Release;
		};
		B4F9206B27DF2E78002BE562 /* Debug */ = {
			isa = XCBuildConfiguration;
			buildSettings = {
				ALWAYS_EMBED_SWIFT_STANDARD_LIBRARIES = YES;
				CODE_SIGN_STYLE = Automatic;
				CURRENT_PROJECT_VERSION = 1;
				DEVELOPMENT_TEAM = PM25M3S5KY;
				GENERATE_INFOPLIST_FILE = YES;
				MARKETING_VERSION = 1.0;
				PRODUCT_BUNDLE_IDENTIFIER = "com.aytacbulanik.XyloPhone-appUITests";
				PRODUCT_NAME = "$(TARGET_NAME)";
				SWIFT_EMIT_LOC_STRINGS = NO;
				SWIFT_VERSION = 5.0;
				TARGETED_DEVICE_FAMILY = "1,2";
				TEST_TARGET_NAME = XyloPhone_app;
			};
			name = Debug;
		};
		B4F9206C27DF2E78002BE562 /* Release */ = {
			isa = XCBuildConfiguration;
			buildSettings = {
				ALWAYS_EMBED_SWIFT_STANDARD_LIBRARIES = YES;
				CODE_SIGN_STYLE = Automatic;
				CURRENT_PROJECT_VERSION = 1;
				DEVELOPMENT_TEAM = PM25M3S5KY;
				GENERATE_INFOPLIST_FILE = YES;
				MARKETING_VERSION = 1.0;
				PRODUCT_BUNDLE_IDENTIFIER = "com.aytacbulanik.XyloPhone-appUITests";
				PRODUCT_NAME = "$(TARGET_NAME)";
				SWIFT_EMIT_LOC_STRINGS = NO;
				SWIFT_VERSION = 5.0;
				TARGETED_DEVICE_FAMILY = "1,2";
				TEST_TARGET_NAME = XyloPhone_app;
			};
			name = Release;
		};
/* End XCBuildConfiguration section */

/* Begin XCConfigurationList section */
		B4F9203527DF2E76002BE562 /* Build configuration list for PBXProject "XyloPhone_app" */ = {
			isa = XCConfigurationList;
			buildConfigurations = (
				B4F9206227DF2E78002BE562 /* Debug */,
				B4F9206327DF2E78002BE562 /* Release */,
			);
			defaultConfigurationIsVisible = 0;
			defaultConfigurationName = Release;
		};
		B4F9206427DF2E78002BE562 /* Build configuration list for PBXNativeTarget "XyloPhone_app" */ = {
			isa = XCConfigurationList;
			buildConfigurations = (
				B4F9206527DF2E78002BE562 /* Debug */,
				B4F9206627DF2E78002BE562 /* Release */,
			);
			defaultConfigurationIsVisible = 0;
			defaultConfigurationName = Release;
		};
		B4F9206727DF2E78002BE562 /* Build configuration list for PBXNativeTarget "XyloPhone_appTests" */ = {
			isa = XCConfigurationList;
			buildConfigurations = (
				B4F9206827DF2E78002BE562 /* Debug */,
				B4F9206927DF2E78002BE562 /* Release */,
			);
			defaultConfigurationIsVisible = 0;
			defaultConfigurationName = Release;
		};
		B4F9206A27DF2E78002BE562 /* Build configuration list for PBXNativeTarget "XyloPhone_appUITests" */ = {
			isa = XCConfigurationList;
			buildConfigurations = (
				B4F9206B27DF2E78002BE562 /* Debug */,
				B4F9206C27DF2E78002BE562 /* Release */,
			);
			defaultConfigurationIsVisible = 0;
			defaultConfigurationName = Release;
		};
/* End XCConfigurationList section */
	};
	rootObject = B4F9203227DF2E76002BE562 /* Project object */;
}
